Microsoft Visual Studio Solution File, Format Version 12.00
# Visual Studio Version 17
VisualStudioVersion = 17.10.34916.146
MinimumVisualStudioVersion = 10.0.40219.1
Project("{FAE04EC0-301F-11D3-BF4B-00C04F79EFBC}") = "WindowsApplication1", "WindowsApplication1\WindowsApplication1.csproj", "{2F66EE44-01EB-4975-9734-B414A18F9CFF}"
EndProject
Global
	GlobalSection(SolutionConfigurationPlatforms) = preSolution
		Debug|Any CPU = Debug|Any CPU
		Release|Any CPU = Release|Any CPU
	EndGlobalSection
	GlobalSection(ProjectConfigurationPlatforms) = postSolution
		{2F66EE44-01EB-4975-9734-B414A18F9CFF}.Debug|Any CPU.ActiveCfg = Debug|Any CPU
		{2F66EE44-01EB-4975-9734-B414A18F9CFF}.Debug|Any CPU.Build.0 = Debug|Any CPU
		{2F66EE44-01EB-4975-9734-B414A18F9CFF}.Release|Any CPU.ActiveCfg = Release|Any CPU
		{2F66EE44-01EB-4975-9734-B414A18F9CFF}.Release|Any CPU.Build.0 = Release|Any CPU
	EndGlobalSection
	GlobalSection(SolutionProperties) = preSolution
		HideSolutionNode = FALSE
	EndGlobalSection
	GlobalSection(ExtensibilityGlobals) = postSolution
		SolutionGuid = {36DF81C6-D1A0-4278-AD73-4218F946B55E}
	EndGlobalSection
EndGlobal
